
Microsoft Visual Studio Solution File, Format Version 12.00
# Visual Studio Version 17
VisualStudioVersion = 17.7.34202.233
MinimumVisualStudioVersion = 10.0.40219.1
Project("{2150E333-8FDC-42A3-9474-1A3956D46DE8}") = "Task0", "Task0", "{176FD082-8C44-42D4-8279-279B115241DC}"
EndProject
Project("{FAE04EC0-301F-11D3-BF4B-00C04F79EFBC}") = "Tyuiu.SmirnovIA.Sprint3.Task0.V12", "Tyuiu.SmirnovIA.Sprint3.Task0.V12\Tyuiu.SmirnovIA.Sprint3.Task0.V12.csproj", "{CD4358B6-9EF4-435E-B6D7-CC4BF33CC43D}"
EndProject
Project("{FAE04EC0-301F-11D3-BF4B-00C04F79EFBC}") = "Tyuiu.SmirnovIA.Sprint3.Task0.V12.Lib", "Tyuiu.SmirnovIA.Sprint3.Task0.V12.Lib\Tyuiu.SmirnovIA.Sprint3.Task0.V12.Lib.csproj", "{48FC0886-CAB1-4F6B-93B3-9AC46A22E003}"
EndProject
Project("{FAE04EC0-301F-11D3-BF4B-00C04F79EFBC}") = "Tyuiu.SmirnovIA.Sprint3.Task0.V12.Test", "Tyuiu.SmirnovIA.Sprint3.Task0.V12.Test\Tyuiu.SmirnovIA.Sprint3.Task0.V12.Test.csproj", "{E135904D-82FF-4647-97EC-40C40E88279B}"
EndProject
Project("{2150E333-8FDC-42A3-9474-1A3956D46DE8}") = "Task1", "Task1", "{9E7645D1-1CE7-4BAF-AA08-E7E1BFE04422}"
EndProject
Project("{2150E333-8FDC-42A3-9474-1A3956D46DE8}") = "Task2", "Task2", "{4A18DFA9-69CE-4D24-9488-BD32D648FC8B}"
EndProject
Project("{FAE04EC0-301F-11D3-BF4B-00C04F79EFBC}") = "Tyuiu.SmirnovIA.Sprint3.Task1.V7", "Tyuiu.SmirnovIA.Sprint3.Task1.V7\Tyuiu.SmirnovIA.Sprint3.Task1.V7.csproj", "{275A46DC-EF83-42BA-9276-E57355E9D770}"
EndProject
Project("{FAE04EC0-301F-11D3-BF4B-00C04F79EFBC}") = "Tyuiu.SmirnovIA.Sprint3.Task1.V7.Lib", "Tyuiu.SmirnovIA.Sprint3.Task1.V7.Lib\Tyuiu.SmirnovIA.Sprint3.Task1.V7.Lib.csproj", "{30E5000C-FB4C-4455-93A3-93148CB19EB5}"
EndProject
Project("{FAE04EC0-301F-11D3-BF4B-00C04F79EFBC}") = "Tyuiu.SmirnovIA.Sprint3.Task1.V7.Test", "Tyuiu.SmirnovIA.Sprint3.Task1.V7.Test\Tyuiu.SmirnovIA.Sprint3.Task1.V7.Test.csproj", "{0F43D52E-1218-48DC-938C-9F0819CD418B}"
EndProject
Project("{FAE04EC0-301F-11D3-BF4B-00C04F79EFBC}") = "Tyuiu.SmirnovIA.Sprint3.Task2.V7", "Tyuiu.SmirnovIA.Sprint3.Task2.V7\Tyuiu.SmirnovIA.Sprint3.Task2.V7.csproj", "{4B080E22-9CF7-4CCB-BBDD-A8327B91DB8F}"
EndProject
Project("{FAE04EC0-301F-11D3-BF4B-00C04F79EFBC}") = "Tyuiu.SmirnovIA.Sprint3.Task2.V7.Lib", "Tyuiu.SmirnovIA.Sprint3.Task2.V7.Lib\Tyuiu.SmirnovIA.Sprint3.Task2.V7.Lib.csproj", "{07E47A10-CB20-4FBE-BEB8-6CB96619A622}"
EndProject
Project("{FAE04EC0-301F-11D3-BF4B-00C04F79EFBC}") = "Tyuiu.SmirnovIA.Sprint3.Task2.V7.Test", "Tyuiu.SmirnovIA.Sprint3.Task2.V7.Test\Tyuiu.SmirnovIA.Sprint3.Task2.V7.Test.csproj", "{619D8F22-9874-450C-9474-4C107FA4F5BF}"
EndProject
Project("{2150E333-8FDC-42A3-9474-1A3956D46DE8}") = "Task3", "Task3", "{50AB6CC4-8E44-429B-B7E6-8EB4A08F8663}"
EndProject
Project("{FAE04EC0-301F-11D3-BF4B-00C04F79EFBC}") = "Tyuiu.SmirnovIA.Sprint3.Task3.V20", "Tyuiu.SmirnovIA.Sprint3.Task3.V20\Tyuiu.SmirnovIA.Sprint3.Task3.V20.csproj", "{FD69EE7D-EC3C-4BD8-9BD4-4B3EF0EE2A82}"
EndProject
Project("{FAE04EC0-301F-11D3-BF4B-00C04F79EFBC}") = "Tyuiu.SmirnovIA.Sprint3.Task3.V20.Lib", "Tyuiu.SmirnovIA.Sprint3.Task3.V20.Lib\Tyuiu.SmirnovIA.Sprint3.Task3.V20.Lib.csproj", "{CB34AFC4-2CC1-43B0-8B6E-A731D797A735}"
EndProject
Project("{FAE04EC0-301F-11D3-BF4B-00C04F79EFBC}") = "Tyuiu.SmirnovIA.Sprint3.Task3.V20.Test", "Tyuiu.SmirnovIA.Sprint3.Task3.V20.Test\Tyuiu.SmirnovIA.Sprint3.Task3.V20.Test.csproj", "{C11D8CF3-FD23-4146-ADBF-1A43E604C0DD}"
EndProject
Project("{2150E333-8FDC-42A3-9474-1A3956D46DE8}") = "Task4", "Task4", "{60D6CE21-275B-4294-B7EB-6005AFF249A9}"
EndProject
Project("{FAE04EC0-301F-11D3-BF4B-00C04F79EFBC}") = "Tyuiu.SmirnovIA.Sprint3.Task4.V17", "Tyuiu.SmirnovIA.Sprint3.Task4.V17\Tyuiu.SmirnovIA.Sprint3.Task4.V17.csproj", "{F0BE8575-0DFA-4C6E-86B8-27204DB31F1F}"
EndProject
Project("{FAE04EC0-301F-11D3-BF4B-00C04F79EFBC}") = "Tyuiu.SmirnovIA.Sprint3.Task4.V17.Lib", "Tyuiu.SmirnovIA.Sprint3.Task4.V17.Lib\Tyuiu.SmirnovIA.Sprint3.Task4.V17.Lib.csproj", "{1BA5ABE1-CF1F-4CFB-8032-0380E455A1C3}"
EndProject
Project("{FAE04EC0-301F-11D3-BF4B-00C04F79EFBC}") = "Tyuiu.SmirnovIA.Sprint3.Task4.V17.Test", "Tyuiu.SmirnovIA.Sprint3.Task4.V17.Test\Tyuiu.SmirnovIA.Sprint3.Task4.V17.Test.csproj", "{CEF6E08A-443B-4033-B305-FC912CCD22F8}"
EndProject
Project("{2150E333-8FDC-42A3-9474-1A3956D46DE8}") = "Task5", "Task5", "{B3411681-861B-45E5-87D0-F7B23BE5272E}"
EndProject
Project("{FAE04EC0-301F-11D3-BF4B-00C04F79EFBC}") = "Tyuiu.SmirnovIA.Sprint3.Task5.V27", "Tyuiu.SmirnovIA.Sprint3.Task5.V27\Tyuiu.SmirnovIA.Sprint3.Task5.V27.csproj", "{216CC947-0F2F-4D64-8B23-CB6A7C34E0AB}"
EndProject
Project("{FAE04EC0-301F-11D3-BF4B-00C04F79EFBC}") = "Tyuiu.SmirnovIA.Sprint3.Task5.V27.Lib", "Tyuiu.SmirnovIA.Sprint3.Task5.V27.Lib\Tyuiu.SmirnovIA.Sprint3.Task5.V27.Lib.csproj", "{2478E9EE-055C-4C8E-A8AB-33B3405250B4}"
EndProject
Project("{FAE04EC0-301F-11D3-BF4B-00C04F79EFBC}") = "Tyuiu.SmirnovIA.Sprint3.Task5.V27.Test", "Tyuiu.SmirnovIA.Sprint3.Task5.V27.Test\Tyuiu.SmirnovIA.Sprint3.Task5.V27.Test.csproj", "{AB6B2321-98D3-4C86-88E7-AEE070A5E280}"
EndProject
Global
	GlobalSection(SolutionConfigurationPlatforms) = preSolution
		Debug|Any CPU = Debug|Any CPU
		Release|Any CPU = Release|Any CPU
	EndGlobalSection
	GlobalSection(ProjectConfigurationPlatforms) = postSolution
		{CD4358B6-9EF4-435E-B6D7-CC4BF33CC43D}.Debug|Any CPU.ActiveCfg = Debug|Any CPU
		{CD4358B6-9EF4-435E-B6D7-CC4BF33CC43D}.Debug|Any CPU.Build.0 = Debug|Any CPU
		{CD4358B6-9EF4-435E-B6D7-CC4BF33CC43D}.Release|Any CPU.ActiveCfg = Release|Any CPU
		{CD4358B6-9EF4-435E-B6D7-CC4BF33CC43D}.Release|Any CPU.Build.0 = Release|Any CPU
		{48FC0886-CAB1-4F6B-93B3-9AC46A22E003}.Debug|Any CPU.ActiveCfg = Debug|Any CPU
		{48FC0886-CAB1-4F6B-93B3-9AC46A22E003}.Debug|Any CPU.Build.0 = Debug|Any CPU
		{48FC0886-CAB1-4F6B-93B3-9AC46A22E003}.Release|Any CPU.ActiveCfg = Release|Any CPU
		{48FC0886-CAB1-4F6B-93B3-9AC46A22E003}.Release|Any CPU.Build.0 = Release|Any CPU
		{E135904D-82FF-4647-97EC-40C40E88279B}.Debug|Any CPU.ActiveCfg = Debug|Any CPU
		{E135904D-82FF-4647-97EC-40C40E88279B}.Debug|Any CPU.Build.0 = Debug|Any CPU
		{E135904D-82FF-4647-97EC-40C40E88279B}.Release|Any CPU.ActiveCfg = Release|Any CPU
		{E135904D-82FF-4647-97EC-40C40E88279B}.Release|Any CPU.Build.0 = Release|Any CPU
		{275A46DC-EF83-42BA-9276-E57355E9D770}.Debug|Any CPU.ActiveCfg = Debug|Any CPU
		{275A46DC-EF83-42BA-9276-E57355E9D770}.Debug|Any CPU.Build.0 = Debug|Any CPU
		{275A46DC-EF83-42BA-9276-E57355E9D770}.Release|Any CPU.ActiveCfg = Release|Any CPU
		{275A46DC-EF83-42BA-9276-E57355E9D770}.Release|Any CPU.Build.0 = Release|Any CPU
		{30E5000C-FB4C-4455-93A3-93148CB19EB5}.Debug|Any CPU.ActiveCfg = Debug|Any CPU
		{30E5000C-FB4C-4455-93A3-93148CB19EB5}.Debug|Any CPU.Build.0 = Debug|Any CPU
		{30E5000C-FB4C-4455-93A3-93148CB19EB5}.Release|Any CPU.ActiveCfg = Release|Any CPU
		{30E5000C-FB4C-4455-93A3-93148CB19EB5}.Release|Any CPU.Build.0 = Release|Any CPU
		{0F43D52E-1218-48DC-938C-9F0819CD418B}.Debug|Any CPU.ActiveCfg = Debug|Any CPU
		{0F43D52E-1218-48DC-938C-9F0819CD418B}.Debug|Any CPU.Build.0 = Debug|Any CPU
		{0F43D52E-1218-48DC-938C-9F0819CD418B}.Release|Any CPU.ActiveCfg = Release|Any CPU
		{0F43D52E-1218-48DC-938C-9F0819CD418B}.Release|Any CPU.Build.0 = Release|Any CPU
		{4B080E22-9CF7-4CCB-BBDD-A8327B91DB8F}.Debug|Any CPU.ActiveCfg = Debug|Any CPU
		{4B080E22-9CF7-4CCB-BBDD-A8327B91DB8F}.Debug|Any CPU.Build.0 = Debug|Any CPU
		{4B080E22-9CF7-4CCB-BBDD-A8327B91DB8F}.Release|Any CPU.ActiveCfg = Release|Any CPU
		{4B080E22-9CF7-4CCB-BBDD-A8327B91DB8F}.Release|Any CPU.Build.0 = Release|Any CPU
		{07E47A10-CB20-4FBE-BEB8-6CB96619A622}.Debug|Any CPU.ActiveCfg = Debug|Any CPU
		{07E47A10-CB20-4FBE-BEB8-6CB96619A622}.Debug|Any CPU.Build.0 = Debug|Any CPU
		{07E47A10-CB20-4FBE-BEB8-6CB96619A622}.Release|Any CPU.ActiveCfg = Release|Any CPU
		{07E47A10-CB20-4FBE-BEB8-6CB96619A622}.Release|Any CPU.Build.0 = Release|Any CPU
		{619D8F22-9874-450C-9474-4C107FA4F5BF}.Debug|Any CPU.ActiveCfg = Debug|Any CPU
		{619D8F22-9874-450C-9474-4C107FA4F5BF}.Debug|Any CPU.Build.0 = Debug|Any CPU
		{619D8F22-9874-450C-9474-4C107FA4F5BF}.Release|Any CPU.ActiveCfg = Release|Any CPU
		{619D8F22-9874-450C-9474-4C107FA4F5BF}.Release|Any CPU.Build.0 = Release|Any CPU
		{FD69EE7D-EC3C-4BD8-9BD4-4B3EF0EE2A82}.Debug|Any CPU.ActiveCfg = Debug|Any CPU
		{FD69EE7D-EC3C-4BD8-9BD4-4B3EF0EE2A82}.Debug|Any CPU.Build.0 = Debug|Any CPU
		{FD69EE7D-EC3C-4BD8-9BD4-4B3EF0EE2A82}.Release|Any CPU.ActiveCfg = Release|Any CPU
		{FD69EE7D-EC3C-4BD8-9BD4-4B3EF0EE2A82}.Release|Any CPU.Build.0 = Release|Any CPU
		{CB34AFC4-2CC1-43B0-8B6E-A731D797A735}.Debug|Any CPU.ActiveCfg = Debug|Any CPU
		{CB34AFC4-2CC1-43B0-8B6E-A731D797A735}.Debug|Any CPU.Build.0 = Debug|Any CPU
		{CB34AFC4-2CC1-43B0-8B6E-A731D797A735}.Release|Any CPU.ActiveCfg = Release|Any CPU
		{CB34AFC4-2CC1-43B0-8B6E-A731D797A735}.Release|Any CPU.Build.0 = Release|Any CPU
		{C11D8CF3-FD23-4146-ADBF-1A43E604C0DD}.Debug|Any CPU.ActiveCfg = Debug|Any CPU
		{C11D8CF3-FD23-4146-ADBF-1A43E604C0DD}.Debug|Any CPU.Build.0 = Debug|Any CPU
		{C11D8CF3-FD23-4146-ADBF-1A43E604C0DD}.Release|Any CPU.ActiveCfg = Release|Any CPU
		{C11D8CF3-FD23-4146-ADBF-1A43E604C0DD}.Release|Any CPU.Build.0 = Release|Any CPU
		{F0BE8575-0DFA-4C6E-86B8-27204DB31F1F}.Debug|Any CPU.ActiveCfg = Debug|Any CPU
		{F0BE8575-0DFA-4C6E-86B8-27204DB31F1F}.Debug|Any CPU.Build.0 = Debug|Any CPU
		{F0BE8575-0DFA-4C6E-86B8-27204DB31F1F}.Release|Any CPU.ActiveCfg = Release|Any CPU
		{F0BE8575-0DFA-4C6E-86B8-27204DB31F1F}.Release|Any CPU.Build.0 = Release|Any CPU
		{1BA5ABE1-CF1F-4CFB-8032-0380E455A1C3}.Debug|Any CPU.ActiveCfg = Debug|Any CPU
		{1BA5ABE1-CF1F-4CFB-8032-0380E455A1C3}.Debug|Any CPU.Build.0 = Debug|Any CPU
		{1BA5ABE1-CF1F-4CFB-8032-0380E455A1C3}.Release|Any CPU.ActiveCfg = Release|Any CPU
		{1BA5ABE1-CF1F-4CFB-8032-0380E455A1C3}.Release|Any CPU.Build.0 = Release|Any CPU
		{CEF6E08A-443B-4033-B305-FC912CCD22F8}.Debug|Any CPU.ActiveCfg = Debug|Any CPU
		{CEF6E08A-443B-4033-B305-FC912CCD22F8}.Debug|Any CPU.Build.0 = Debug|Any CPU
		{CEF6E08A-443B-4033-B305-FC912CCD22F8}.Release|Any CPU.ActiveCfg = Release|Any CPU
		{CEF6E08A-443B-4033-B305-FC912CCD22F8}.Release|Any CPU.Build.0 = Release|Any CPU
		{216CC947-0F2F-4D64-8B23-CB6A7C34E0AB}.Debug|Any CPU.ActiveCfg = Debug|Any CPU
		{216CC947-0F2F-4D64-8B23-CB6A7C34E0AB}.Debug|Any CPU.Build.0 = Debug|Any CPU
		{216CC947-0F2F-4D64-8B23-CB6A7C34E0AB}.Release|Any CPU.ActiveCfg = Release|Any CPU
		{216CC947-0F2F-4D64-8B23-CB6A7C34E0AB}.Release|Any CPU.Build.0 = Release|Any CPU
		{2478E9EE-055C-4C8E-A8AB-33B3405250B4}.Debug|Any CPU.ActiveCfg = Debug|Any CPU
		{2478E9EE-055C-4C8E-A8AB-33B3405250B4}.Debug|Any CPU.Build.0 = Debug|Any CPU
		{2478E9EE-055C-4C8E-A8AB-33B3405250B4}.Release|Any CPU.ActiveCfg = Release|Any CPU
		{2478E9EE-055C-4C8E-A8AB-33B3405250B4}.Release|Any CPU.Build.0 = Release|Any CPU
		{AB6B2321-98D3-4C86-88E7-AEE070A5E280}.Debug|Any CPU.ActiveCfg = Debug|Any CPU
		{AB6B2321-98D3-4C86-88E7-AEE070A5E280}.Debug|Any CPU.Build.0 = Debug|Any CPU
		{AB6B2321-98D3-4C86-88E7-AEE070A5E280}.Release|Any CPU.ActiveCfg = Release|Any CPU
		{AB6B2321-98D3-4C86-88E7-AEE070A5E280}.Release|Any CPU.Build.0 = Release|Any CPU
	EndGlobalSection
	GlobalSection(SolutionProperties) = preSolution
		HideSolutionNode = FALSE
	EndGlobalSection
	GlobalSection(NestedProjects) = preSolution
		{CD4358B6-9EF4-435E-B6D7-CC4BF33CC43D} = {176FD082-8C44-42D4-8279-279B115241DC}
		{48FC0886-CAB1-4F6B-93B3-9AC46A22E003} = {176FD082-8C44-42D4-8279-279B115241DC}
		{E135904D-82FF-4647-97EC-40C40E88279B} = {176FD082-8C44-42D4-8279-279B115241DC}
		{275A46DC-EF83-42BA-9276-E57355E9D770} = {9E7645D1-1CE7-4BAF-AA08-E7E1BFE04422}
		{30E5000C-FB4C-4455-93A3-93148CB19EB5} = {9E7645D1-1CE7-4BAF-AA08-E7E1BFE04422}
		{0F43D52E-1218-48DC-938C-9F0819CD418B} = {9E7645D1-1CE7-4BAF-AA08-E7E1BFE04422}
		{4B080E22-9CF7-4CCB-BBDD-A8327B91DB8F} = {4A18DFA9-69CE-4D24-9488-BD32D648FC8B}
		{07E47A10-CB20-4FBE-BEB8-6CB96619A622} = {4A18DFA9-69CE-4D24-9488-BD32D648FC8B}
		{619D8F22-9874-450C-9474-4C107FA4F5BF} = {4A18DFA9-69CE-4D24-9488-BD32D648FC8B}
		{FD69EE7D-EC3C-4BD8-9BD4-4B3EF0EE2A82} = {50AB6CC4-8E44-429B-B7E6-8EB4A08F8663}
		{CB34AFC4-2CC1-43B0-8B6E-A731D797A735} = {50AB6CC4-8E44-429B-B7E6-8EB4A08F8663}
		{C11D8CF3-FD23-4146-ADBF-1A43E604C0DD} = {50AB6CC4-8E44-429B-B7E6-8EB4A08F8663}
		{F0BE8575-0DFA-4C6E-86B8-27204DB31F1F} = {60D6CE21-275B-4294-B7EB-6005AFF249A9}
		{1BA5ABE1-CF1F-4CFB-8032-0380E455A1C3} = {60D6CE21-275B-4294-B7EB-6005AFF249A9}
		{CEF6E08A-443B-4033-B305-FC912CCD22F8} = {60D6CE21-275B-4294-B7EB-6005AFF249A9}
		{216CC947-0F2F-4D64-8B23-CB6A7C34E0AB} = {B3411681-861B-45E5-87D0-F7B23BE5272E}
		{2478E9EE-055C-4C8E-A8AB-33B3405250B4} = {B3411681-861B-45E5-87D0-F7B23BE5272E}
		{AB6B2321-98D3-4C86-88E7-AEE070A5E280} = {B3411681-861B-45E5-87D0-F7B23BE5272E}
	EndGlobalSection
	GlobalSection(ExtensibilityGlobals) = postSolution
		SolutionGuid = {A1686199-91EB-4D27-8E32-F8F0BBB6F407}
	EndGlobalSection
EndGlobal
